
Microsoft Visual Studio Solution File, Format Version 12.00
# Visual Studio Version 17
VisualStudioVersion = 17.14.36429.23 d17.14
MinimumVisualStudioVersion = 10.0.40219.1
Project("{2150E333-8FDC-42A3-9474-1A3956D46DE8}") = "Task0", "Task0", "{36D591C7-65C7-A0D1-1CBC-10CDE441BDC8}"
EndProject
Project("{FAE04EC0-301F-11D3-BF4B-00C04F79EFBC}") = "Tyuiu.TsvetkovRA.Sprint1.Task0.V12.Lib", "Tyuiu.TsvetkovRA.Sprint1.Task0.V12.Lib\Tyuiu.TsvetkovRA.Sprint1.Task0.V12.Lib.csproj", "{763362EF-3ACC-482C-B4DA-9704516DE18C}"
EndProject
Project("{FAE04EC0-301F-11D3-BF4B-00C04F79EFBC}") = "Tyuiu.TsvetkovRA.Sprint1.Task0.V12.Test", "Tyuiu.TsvetkovRA.Sprint1.Task0.V12.Test\Tyuiu.TsvetkovRA.Sprint1.Task0.V12.Test.csproj", "{04168983-D359-4536-8A0C-17C4281A5D88}"
EndProject
Project("{FAE04EC0-301F-11D3-BF4B-00C04F79EFBC}") = "Tyuiu.TsvetkovRA.Sprint1.Task0.V12", "Tyuiu.TsvetkovRA.Sprint1.Task0.V12\Tyuiu.TsvetkovRA.Sprint1.Task0.V12.csproj", "{41DEF79E-5D63-4838-B69E-916553B46133}"
EndProject
Project("{2150E333-8FDC-42A3-9474-1A3956D46DE8}") = "Task1", "Task1", "{CC54BED2-1295-49C1-8727-FCB609D19279}"
EndProject
Project("{FAE04EC0-301F-11D3-BF4B-00C04F79EFBC}") = "Tyuiu.TsvetkovRA.Sprint1.Task1.V26", "Tyuiu.TsvetkovRA.Sprint1.Task1.V26\Tyuiu.TsvetkovRA.Sprint1.Task1.V26.csproj", "{66D476BE-EECA-481F-B2C7-D19A7FEEF9D5}"
EndProject
Project("{FAE04EC0-301F-11D3-BF4B-00C04F79EFBC}") = "Tyuiu.TsvetkovRA.Sprint1.Task1.V26.Test", "Tyuiu.TsvetkovRA.Sprint1.Task1.V26.Test\Tyuiu.TsvetkovRA.Sprint1.Task1.V26.Test.csproj", "{AB04B4D0-9EA5-44F8-B4DD-93459BE91438}"
EndProject
Project("{FAE04EC0-301F-11D3-BF4B-00C04F79EFBC}") = "Tyuiu.TsvetkovRA.Sprint1.Task1.V26.Lib", "Tyuiu.TsvetkovRA.Sprint1.Task1.V26.Lib\Tyuiu.TsvetkovRA.Sprint1.Task1.V26.Lib.csproj", "{858E2785-4690-4770-A10B-AACD75D4963E}"
EndProject
Project("{2150E333-8FDC-42A3-9474-1A3956D46DE8}") = "Task2", "Task2", "{7E262AC5-B1A2-45F9-AE25-8448C0C19088}"
EndProject
Project("{FAE04EC0-301F-11D3-BF4B-00C04F79EFBC}") = "Tyuiu.TsvetkovRA.Sprint1.Task2.V13.Lib", "Tyuiu.TsvetkovRA.Sprint1.Task2.V13.Lib\Tyuiu.TsvetkovRA.Sprint1.Task2.V13.Lib.csproj", "{0402823F-61E5-4061-ABD6-98393D7267D7}"
EndProject
Project("{FAE04EC0-301F-11D3-BF4B-00C04F79EFBC}") = "Tyuiu.TsvetkovRA.Sprint1.Task2.V13.Test", "Tyuiu.TsvetkovRA.Sprint1.Task2.V13.Test\Tyuiu.TsvetkovRA.Sprint1.Task2.V13.Test.csproj", "{E718590E-6303-434B-8AAC-3B65F5CAD98E}"
EndProject
Project("{FAE04EC0-301F-11D3-BF4B-00C04F79EFBC}") = "Tyuiu.TsvetkovRA.Sprint1.Task2.V13", "Tyuiu.TsvetkovRA.Sprint1.Task2.V13\Tyuiu.TsvetkovRA.Sprint1.Task2.V13.csproj", "{CEA6F7B0-685E-4190-9D66-03CF40F3CB7C}"
EndProject
Global
	GlobalSection(SolutionConfigurationPlatforms) = preSolution
		Debug|Any CPU = Debug|Any CPU
		Release|Any CPU = Release|Any CPU
	EndGlobalSection
	GlobalSection(ProjectConfigurationPlatforms) = postSolution
		{763362EF-3ACC-482C-B4DA-9704516DE18C}.Debug|Any CPU.ActiveCfg = Debug|Any CPU
		{763362EF-3ACC-482C-B4DA-9704516DE18C}.Debug|Any CPU.Build.0 = Debug|Any CPU
		{763362EF-3ACC-482C-B4DA-9704516DE18C}.Release|Any CPU.ActiveCfg = Release|Any CPU
		{763362EF-3ACC-482C-B4DA-9704516DE18C}.Release|Any CPU.Build.0 = Release|Any CPU
		{04168983-D359-4536-8A0C-17C4281A5D88}.Debug|Any CPU.ActiveCfg = Debug|Any CPU
		{04168983-D359-4536-8A0C-17C4281A5D88}.Debug|Any CPU.Build.0 = Debug|Any CPU
		{04168983-D359-4536-8A0C-17C4281A5D88}.Release|Any CPU.ActiveCfg = Release|Any CPU
		{04168983-D359-4536-8A0C-17C4281A5D88}.Release|Any CPU.Build.0 = Release|Any CPU
		{41DEF79E-5D63-4838-B69E-916553B46133}.Debug|Any CPU.ActiveCfg = Debug|Any CPU
		{41DEF79E-5D63-4838-B69E-916553B46133}.Debug|Any CPU.Build.0 = Debug|Any CPU
		{41DEF79E-5D63-4838-B69E-916553B46133}.Release|Any CPU.ActiveCfg = Release|Any CPU
		{41DEF79E-5D63-4838-B69E-916553B46133}.Release|Any CPU.Build.0 = Release|Any CPU
		{66D476BE-EECA-481F-B2C7-D19A7FEEF9D5}.Debug|Any CPU.ActiveCfg = Debug|Any CPU
		{66D476BE-EECA-481F-B2C7-D19A7FEEF9D5}.Debug|Any CPU.Build.0 = Debug|Any CPU
		{66D476BE-EECA-481F-B2C7-D19A7FEEF9D5}.Release|Any CPU.ActiveCfg = Release|Any CPU
		{66D476BE-EECA-481F-B2C7-D19A7FEEF9D5}.Release|Any CPU.Build.0 = Release|Any CPU
		{AB04B4D0-9EA5-44F8-B4DD-93459BE91438}.Debug|Any CPU.ActiveCfg = Debug|Any CPU
		{AB04B4D0-9EA5-44F8-B4DD-93459BE91438}.Debug|Any CPU.Build.0 = Debug|Any CPU
		{AB04B4D0-9EA5-44F8-B4DD-93459BE91438}.Release|Any CPU.ActiveCfg = Release|Any CPU
		{AB04B4D0-9EA5-44F8-B4DD-93459BE91438}.Release|Any CPU.Build.0 = Release|Any CPU
		{858E2785-4690-4770-A10B-AACD75D4963E}.Debug|Any CPU.ActiveCfg = Debug|Any CPU
		{858E2785-4690-4770-A10B-AACD75D4963E}.Debug|Any CPU.Build.0 = Debug|Any CPU
		{858E2785-4690-4770-A10B-AACD75D4963E}.Release|Any CPU.ActiveCfg = Release|Any CPU
		{858E2785-4690-4770-A10B-AACD75D4963E}.Release|Any CPU.Build.0 = Release|Any CPU
		{0402823F-61E5-4061-ABD6-98393D7267D7}.Debug|Any CPU.ActiveCfg = Debug|Any CPU
		{0402823F-61E5-4061-ABD6-98393D7267D7}.Debug|Any CPU.Build.0 = Debug|Any CPU
		{0402823F-61E5-4061-ABD6-98393D7267D7}.Release|Any CPU.ActiveCfg = Release|Any CPU
		{0402823F-61E5-4061-ABD6-98393D7267D7}.Release|Any CPU.Build.0 = Release|Any CPU
		{E718590E-6303-434B-8AAC-3B65F5CAD98E}.Debug|Any CPU.ActiveCfg = Debug|Any CPU
		{E718590E-6303-434B-8AAC-3B65F5CAD98E}.Debug|Any CPU.Build.0 = Debug|Any CPU
		{E718590E-6303-434B-8AAC-3B65F5CAD98E}.Release|Any CPU.ActiveCfg = Release|Any CPU
		{E718590E-6303-434B-8AAC-3B65F5CAD98E}.Release|Any CPU.Build.0 = Release|Any CPU
		{CEA6F7B0-685E-4190-9D66-03CF40F3CB7C}.Debug|Any CPU.ActiveCfg = Debug|Any CPU
		{CEA6F7B0-685E-4190-9D66-03CF40F3CB7C}.Debug|Any CPU.Build.0 = Debug|Any CPU
		{CEA6F7B0-685E-4190-9D66-03CF40F3CB7C}.Release|Any CPU.ActiveCfg = Release|Any CPU
		{CEA6F7B0-685E-4190-9D66-03CF40F3CB7C}.Release|Any CPU.Build.0 = Release|Any CPU
	EndGlobalSection
	GlobalSection(SolutionProperties) = preSolution
		HideSolutionNode = FALSE
	EndGlobalSection
	GlobalSection(NestedProjects) = preSolution
		{763362EF-3ACC-482C-B4DA-9704516DE18C} = {36D591C7-65C7-A0D1-1CBC-10CDE441BDC8}
		{04168983-D359-4536-8A0C-17C4281A5D88} = {36D591C7-65C7-A0D1-1CBC-10CDE441BDC8}
		{41DEF79E-5D63-4838-B69E-916553B46133} = {36D591C7-65C7-A0D1-1CBC-10CDE441BDC8}
		{66D476BE-EECA-481F-B2C7-D19A7FEEF9D5} = {CC54BED2-1295-49C1-8727-FCB609D19279}
		{AB04B4D0-9EA5-44F8-B4DD-93459BE91438} = {CC54BED2-1295-49C1-8727-FCB609D19279}
		{858E2785-4690-4770-A10B-AACD75D4963E} = {CC54BED2-1295-49C1-8727-FCB609D19279}
		{0402823F-61E5-4061-ABD6-98393D7267D7} = {7E262AC5-B1A2-45F9-AE25-8448C0C19088}
		{E718590E-6303-434B-8AAC-3B65F5CAD98E} = {7E262AC5-B1A2-45F9-AE25-8448C0C19088}
		{CEA6F7B0-685E-4190-9D66-03CF40F3CB7C} = {7E262AC5-B1A2-45F9-AE25-8448C0C19088}
	EndGlobalSection
	GlobalSection(ExtensibilityGlobals) = postSolution
		SolutionGuid = {A4D58033-DAD3-446E-AD4D-6DBE0FC6AF92}
	EndGlobalSection
EndGlobal
